
Microsoft Visual Studio Solution File, Format Version 12.00
# Visual Studio Version 17
VisualStudioVersion = 17.7.34031.279
MinimumVisualStudioVersion = 10.0.40219.1
Project("{8BC9CEB8-8B4A-11D0-8D11-00A0C91BC942}") = "PR6.2.re", "PR6.2.re\PR6.2.re.vcxproj", "{DA53302C-38F0-42F1-AA44-DE42F42E23D7}"
EndProject
Project("{8BC9CEB8-8B4A-11D0-8D11-00A0C91BC942}") = "UnitTest6.2.re", "UnitTest6.2.re\UnitTest6.2.re.vcxproj", "{DE9B8B26-7DB9-44B2-8ED6-FCBBBE8AEF83}"
EndProject
Global
	GlobalSection(SolutionConfigurationPlatforms) = preSolution
		Debug|x64 = Debug|x64
		Debug|x86 = Debug|x86
		Release|x64 = Release|x64
		Release|x86 = Release|x86
	EndGlobalSection
	GlobalSection(ProjectConfigurationPlatforms) = postSolution
		{DA53302C-38F0-42F1-AA44-DE42F42E23D7}.Debug|x64.ActiveCfg = Debug|x64
		{DA53302C-38F0-42F1-AA44-DE42F42E23D7}.Debug|x64.Build.0 = Debug|x64
		{DA53302C-38F0-42F1-AA44-DE42F42E23D7}.Debug|x86.ActiveCfg = Debug|Win32
		{DA53302C-38F0-42F1-AA44-DE42F42E23D7}.Debug|x86.Build.0 = Debug|Win32
		{DA53302C-38F0-42F1-AA44-DE42F42E23D7}.Release|x64.ActiveCfg = Release|x64
		{DA53302C-38F0-42F1-AA44-DE42F42E23D7}.Release|x64.Build.0 = Release|x64
		{DA53302C-38F0-42F1-AA44-DE42F42E23D7}.Release|x86.ActiveCfg = Release|Win32
		{DA53302C-38F0-42F1-AA44-DE42F42E23D7}.Release|x86.Build.0 = Release|Win32
		{DE9B8B26-7DB9-44B2-8ED6-FCBBBE8AEF83}.Debug|x64.ActiveCfg = Debug|x64
		{DE9B8B26-7DB9-44B2-8ED6-FCBBBE8AEF83}.Debug|x64.Build.0 = Debug|x64
		{DE9B8B26-7DB9-44B2-8ED6-FCBBBE8AEF83}.Debug|x86.ActiveCfg = Debug|Win32
		{DE9B8B26-7DB9-44B2-8ED6-FCBBBE8AEF83}.Debug|x86.Build.0 = Debug|Win32
		{DE9B8B26-7DB9-44B2-8ED6-FCBBBE8AEF83}.Release|x64.ActiveCfg = Release|x64
		{DE9B8B26-7DB9-44B2-8ED6-FCBBBE8AEF83}.Release|x64.Build.0 = Release|x64
		{DE9B8B26-7DB9-44B2-8ED6-FCBBBE8AEF83}.Release|x86.ActiveCfg = Release|Win32
		{DE9B8B26-7DB9-44B2-8ED6-FCBBBE8AEF83}.Release|x86.Build.0 = Release|Win32
	EndGlobalSection
	GlobalSection(SolutionProperties) = preSolution
		HideSolutionNode = FALSE
	EndGlobalSection
	GlobalSection(ExtensibilityGlobals) = postSolution
		SolutionGuid = {8244AA53-29F9-4A60-992B-F79D4D94B785}
	EndGlobalSection
EndGlobal
